// !$*UTF8*$!
{
	archiveVersion = 1;
	classes = {
	};
	objectVersion = 50;
	objects = {

/* Begin PBXBuildFile section */
		2312914126883D5200CAB37B /* AppDelegate.swift in Sources */ = {isa = PBXBuildFile; fileRef = 2312914026883D5200CAB37B /* AppDelegate.swift */; };
		2312914326883D5200CAB37B /* SceneDelegate.swift in Sources */ = {isa = PBXBuildFile; fileRef = 2312914226883D5200CAB37B /* SceneDelegate.swift */; };
		2312914526883D5200CAB37B /* ViewController.swift in Sources */ = {isa = PBXBuildFile; fileRef = 2312914426883D5200CAB37B /* ViewController.swift */; };
		2312914A26883D5600CAB37B /* Assets.xcassets in Resources */ = {isa = PBXBuildFile; fileRef = 2312914926883D5600CAB37B /* Assets.xcassets */; };
		2312914D26883D5600CAB37B /* LaunchScreen.storyboard in Resources */ = {isa = PBXBuildFile; fileRef = 2312914B26883D5600CAB37B /* LaunchScreen.storyboard */; };
		2312915826883D5600CAB37B /* KaiaTests.swift in Sources */ = {isa = PBXBuildFile; fileRef = 2312915726883D5600CAB37B /* KaiaTests.swift */; };
		2312916326883D5600CAB37B /* KaiaUITests.swift in Sources */ = {isa = PBXBuildFile; fileRef = 2312916226883D5600CAB37B /* KaiaUITests.swift */; };
/* End PBXBuildFile section */

/* Begin PBXContainerItemProxy section */
		2312915426883D5600CAB37B /* PBXContainerItemProxy */ = {
			isa = PBXContainerItemProxy;
			containerPortal = 2312913526883D5200CAB37B /* Project object */;
			proxyType = 1;
			remoteGlobalIDString = 2312913C26883D5200CAB37B;
			remoteInfo = Kaia;
		};
		2312915F26883D5600CAB37B /* PBXContainerItemProxy */ = {
			isa = PBXContainerItemProxy;
			containerPortal = 2312913526883D5200CAB37B /* Project object */;
			proxyType = 1;
			remoteGlobalIDString = 2312913C26883D5200CAB37B;
			remoteInfo = Kaia;
		};
/* End PBXContainerItemProxy section */

/* Begin PBXFileReference section */
		2312913D26883D5200CAB37B /* Kaia.app */ = {isa = PBXFileReference; explicitFileType = wrapper.application; includeInIndex = 0; path = Kaia.app; sourceTree = BUILT_PRODUCTS_DIR; };
		2312914026883D5200CAB37B /* AppDelegate.swift */ = {isa = PBXFileReference; lastKnownFileType = sourcecode.swift; path = AppDelegate.swift; sourceTree = "<group>"; };
		2312914226883D5200CAB37B /* SceneDelegate.swift */ = {isa = PBXFileReference; lastKnownFileType = sourcecode.swift; path = SceneDelegate.swift; sourceTree = "<group>"; };
		2312914426883D5200CAB37B /* ViewController.swift */ = {isa = PBXFileReference; lastKnownFileType = sourcecode.swift; path = ViewController.swift; sourceTree = "<group>"; };
		2312914926883D5600CAB37B /* Assets.xcassets */ = {isa = PBXFileReference; lastKnownFileType = folder.assetcatalog; path = Assets.xcassets; sourceTree = "<group>"; };
		2312914C26883D5600CAB37B /* Base */ = {isa = PBXFileReference; lastKnownFileType = file.storyboard; name = Base; path = Base.lproj/LaunchScreen.storyboard; sourceTree = "<group>"; };
		2312914E26883D5600CAB37B /* Info.plist */ = {isa = PBXFileReference; lastKnownFileType = text.plist.xml; path = Info.plist; sourceTree = "<group>"; };
		2312915326883D5600CAB37B /* KaiaTests.xctest */ = {isa = PBXFileReference; explicitFileType = wrapper.cfbundle; includeInIndex = 0; path = KaiaTests.xctest; sourceTree = BUILT_PRODUCTS_DIR; };
		2312915726883D5600CAB37B /* KaiaTests.swift */ = {isa = PBXFileReference; lastKnownFileType = sourcecode.swift; path = KaiaTests.swift; sourceTree = "<group>"; };
		2312915926883D5600CAB37B /* Info.plist */ = {isa = PBXFileReference; lastKnownFileType = text.plist.xml; path = Info.plist; sourceTree = "<group>"; };
		2312915E26883D5600CAB37B /* KaiaUITests.xctest */ = {isa = PBXFileReference; explicitFileType = wrapper.cfbundle; includeInIndex = 0; path = KaiaUITests.xctest; sourceTree = BUILT_PRODUCTS_DIR; };
		2312916226883D5600CAB37B /* KaiaUITests.swift */ = {isa = PBXFileReference; lastKnownFileType = sourcecode.swift; path = KaiaUITests.swift; sourceTree = "<group>"; };
		2312916426883D5600CAB37B /* Info.plist */ = {isa = PBXFileReference; lastKnownFileType = text.plist.xml; path = Info.plist; sourceTree = "<group>"; };
/* End PBXFileReference section */

/* Begin PBXFrameworksBuildPhase section */
		2312913A26883D5200CAB37B /* Frameworks */ = {
			isa = PBXFrameworksBuildPhase;
			buildActionMask = 2147483647;
			files = (
			);
			runOnlyForDeploymentPostprocessing = 0;
		};
		2312915026883D5600CAB37B /* Frameworks */ = {
			isa = PBXFrameworksBuildPhase;
			buildActionMask = 2147483647;
			files = (
			);
			runOnlyForDeploymentPostprocessing = 0;
		};
		2312915B26883D5600CAB37B /* Frameworks */ = {
			isa = PBXFrameworksBuildPhase;
			buildActionMask = 2147483647;
			files = (
			);
			runOnlyForDeploymentPostprocessing = 0;
		};
/* End PBXFrameworksBuildPhase section */

/* Begin PBXGroup section */
		2312913426883D5200CAB37B = {
			isa = PBXGroup;
			children = (
				2312913F26883D5200CAB37B /* Kaia */,
				2312915626883D5600CAB37B /* KaiaTests */,
				2312916126883D5600CAB37B /* KaiaUITests */,
				2312913E26883D5200CAB37B /* Products */,
			);
			sourceTree = "<group>";
		};
		2312913E26883D5200CAB37B /* Products */ = {
			isa = PBXGroup;
			children = (
				2312913D26883D5200CAB37B /* Kaia.app */,
				2312915326883D5600CAB37B /* KaiaTests.xctest */,
				2312915E26883D5600CAB37B /* KaiaUITests.xctest */,
			);
			name = Products;
			sourceTree = "<group>";
		};
		2312913F26883D5200CAB37B /* Kaia */ = {
			isa = PBXGroup;
			children = (
				2312914026883D5200CAB37B /* AppDelegate.swift */,
				2312914226883D5200CAB37B /* SceneDelegate.swift */,
				2312914426883D5200CAB37B /* ViewController.swift */,
				2312914926883D5600CAB37B /* Assets.xcassets */,
				2312914B26883D5600CAB37B /* LaunchScreen.storyboard */,
				2312914E26883D5600CAB37B /* Info.plist */,
			);
			path = Kaia;
			sourceTree = "<group>";
		};
		2312915626883D5600CAB37B /* KaiaTests */ = {
			isa = PBXGroup;
			children = (
				2312915726883D5600CAB37B /* KaiaTests.swift */,
				2312915926883D5600CAB37B /* Info.plist */,
			);
			path = KaiaTests;
			sourceTree = "<group>";
		};
		2312916126883D5600CAB37B /* KaiaUITests */ = {
			isa = PBXGroup;
			children = (
				2312916226883D5600CAB37B /* KaiaUITests.swift */,
				2312916426883D5600CAB37B /* Info.plist */,
			);
			path = KaiaUITests;
			sourceTree = "<group>";
		};
/* End PBXGroup section */

/* Begin PBXNativeTarget section */
		2312913C26883D5200CAB37B /* Kaia */ = {
			isa = PBXNativeTarget;
			buildConfigurationList = 2312916726883D5600CAB37B /* Build configuration list for PBXNativeTarget "Kaia" */;
			buildPhases = (
				2312913926883D5200CAB37B /* Sources */,
				2312913A26883D5200CAB37B /* Frameworks */,
				2312913B26883D5200CAB37B /* Resources */,
			);
			buildRules = (
			);
			dependencies = (
			);
			name = Kaia;
			productName = Kaia;
			productReference = 2312913D26883D5200CAB37B /* Kaia.app */;
			productType = "com.apple.product-type.application";
		};
		2312915226883D5600CAB37B /* KaiaTests */ = {
			isa = PBXNativeTarget;
			buildConfigurationList = 2312916A26883D5600CAB37B /* Build configuration list for PBXNativeTarget "KaiaTests" */;
			buildPhases = (
				2312914F26883D5600CAB37B /* Sources */,
				2312915026883D5600CAB37B /* Frameworks */,
				2312915126883D5600CAB37B /* Resources */,
			);
			buildRules = (
			);
			dependencies = (
				2312915526883D5600CAB37B /* PBXTargetDependency */,
			);
			name = KaiaTests;
			productName = KaiaTests;
			productReference = 2312915326883D5600CAB37B /* KaiaTests.xctest */;
			productType = "com.apple.product-type.bundle.unit-test";
		};
		2312915D26883D5600CAB37B /* KaiaUITests */ = {
			isa = PBXNativeTarget;
			buildConfigurationList = 2312916D26883D5600CAB37B /* Build configuration list for PBXNativeTarget "KaiaUITests" */;
			buildPhases = (
				2312915A26883D5600CAB37B /* Sources */,
				2312915B26883D5600CAB37B /* Frameworks */,
				2312915C26883D5600CAB37B /* Resources */,
			);
			buildRules = (
			);
			dependencies = (
				2312916026883D5600CAB37B /* PBXTargetDependency */,
			);
			name = KaiaUITests;
			productName = KaiaUITests;
			productReference = 2312915E26883D5600CAB37B /* KaiaUITests.xctest */;
			productType = "com.apple.product-type.bundle.ui-testing";
		};
/* End PBXNativeTarget section */

/* Begin PBXProject section */
		2312913526883D5200CAB37B /* Project object */ = {
			isa = PBXProject;
			attributes = {
				LastSwiftUpdateCheck = 1250;
				LastUpgradeCheck = 1250;
				TargetAttributes = {
					2312913C26883D5200CAB37B = {
						CreatedOnToolsVersion = 12.5.1;
					};
					2312915226883D5600CAB37B = {
						CreatedOnToolsVersion = 12.5.1;
						TestTargetID = 2312913C26883D5200CAB37B;
					};
					2312915D26883D5600CAB37B = {
						CreatedOnToolsVersion = 12.5.1;
						TestTargetID = 2312913C26883D5200CAB37B;
					};
				};
			};
			buildConfigurationList = 2312913826883D5200CAB37B /* Build configuration list for PBXProject "Kaia" */;
			compatibilityVersion = "Xcode 9.3";
			developmentRegion = en;
			hasScannedForEncodings = 0;
			knownRegions = (
				en,
				Base,
			);
			mainGroup = 2312913426883D5200CAB37B;
			productRefGroup = 2312913E26883D5200CAB37B /* Products */;
			projectDirPath = "";
			projectRoot = "";
			targets = (
				2312913C26883D5200CAB37B /* Kaia */,
				2312915226883D5600CAB37B /* KaiaTests */,
				2312915D26883D5600CAB37B /* KaiaUITests */,
			);
		};
/* End PBXProject section */

/* Begin PBXResourcesBuildPhase section */
		2312913B26883D5200CAB37B /* Resources */ = {
			isa = PBXResourcesBuildPhase;
			buildActionMask = 2147483647;
			files = (
				2312914D26883D5600CAB37B /* LaunchScreen.storyboard in Resources */,
				2312914A26883D5600CAB37B /* Assets.xcassets in Resources */,
			);
			runOnlyForDeploymentPostprocessing = 0;
		};
		2312915126883D5600CAB37B /* Resources */ = {
			isa = PBXResourcesBuildPhase;
			buildActionMask = 2147483647;
			files = (
			);
			runOnlyForDeploymentPostprocessing = 0;
		};
		2312915C26883D5600CAB37B /* Resources */ = {
			isa = PBXResourcesBuildPhase;
			buildActionMask = 2147483647;
			files = (
			);
			runOnlyForDeploymentPostprocessing = 0;
		};
/* End PBXResourcesBuildPhase section */

/* Begin PBXSourcesBuildPhase section */
		2312913926883D5200CAB37B /* Sources */ = {
			isa = PBXSourcesBuildPhase;
			buildActionMask = 2147483647;
			files = (
				2312914526883D5200CAB37B /* ViewController.swift in Sources */,
				2312914126883D5200CAB37B /* AppDelegate.swift in Sources */,
				2312914326883D5200CAB37B /* SceneDelegate.swift in Sources */,
			);
			runOnlyForDeploymentPostprocessing = 0;
		};
		2312914F26883D5600CAB37B /* Sources */ = {
			isa = PBXSourcesBuildPhase;
			buildActionMask = 2147483647;
			files = (
				2312915826883D5600CAB37B /* KaiaTests.swift in Sources */,
			);
			runOnlyForDeploymentPostprocessing = 0;
		};
		2312915A26883D5600CAB37B /* Sources */ = {
			isa = PBXSourcesBuildPhase;
			buildActionMask = 2147483647;
			files = (
				2312916326883D5600CAB37B /* KaiaUITests.swift in Sources */,
			);
			runOnlyForDeploymentPostprocessing = 0;
		};
/* End PBXSourcesBuildPhase section */

/* Begin PBXTargetDependency section */
		2312915526883D5600CAB37B /* PBXTargetDependency */ = {
			isa = PBXTargetDependency;
			target = 2312913C26883D5200CAB37B /* Kaia */;
			targetProxy = 2312915426883D5600CAB37B /* PBXContainerItemProxy */;
		};
		2312916026883D5600CAB37B /* PBXTargetDependency */ = {
			isa = PBXTargetDependency;
			target = 2312913C26883D5200CAB37B /* Kaia */;
			targetProxy = 2312915F26883D5600CAB37B /* PBXContainerItemProxy */;
		};
/* End PBXTargetDependency section */

/* Begin PBXVariantGroup section */
		2312914B26883D5600CAB37B /* LaunchScreen.storyboard */ = {
			isa = PBXVariantGroup;
			children = (
				2312914C26883D5600CAB37B /* Base */,
			);
			name = LaunchScreen.storyboard;
			sourceTree = "<group>";
		};
/* End PBXVariantGroup section */

/* Begin XCBuildConfiguration section */
		2312916526883D5600CAB37B /* Debug */ = {
			isa = XCBuildConfiguration;
			buildSettings = {
				ALWAYS_SEARCH_USER_PATHS = NO;
				CLANG_ANALYZER_NONNULL = YES;
				CLANG_ANALYZER_NUMBER_OBJECT_CONVERSION = YES_AGGRESSIVE;
				CLANG_CXX_LANGUAGE_STANDARD = "gnu++14";
				CLANG_CXX_LIBRARY = "libc++";
				CLANG_ENABLE_MODULES = YES;
				CLANG_ENABLE_OBJC_ARC = YES;
				CLANG_ENABLE_OBJC_WEAK = YES;
				CLANG_WARN_BLOCK_CAPTURE_AUTORELEASING = YES;
				CLANG_WARN_BOOL_CONVERSION = YES;
				CLANG_WARN_COMMA = YES;
				CLANG_WARN_CONSTANT_CONVERSION = YES;
				CLANG_WARN_DEPRECATED_OBJC_IMPLEMENTATIONS = YES;
				CLANG_WARN_DIRECT_OBJC_ISA_USAGE = YES_ERROR;
				CLANG_WARN_DOCUMENTATION_COMMENTS = YES;
				CLANG_WARN_EMPTY_BODY = YES;
				CLANG_WARN_ENUM_CONVERSION = YES;
				CLANG_WARN_INFINITE_RECURSION = YES;
				CLANG_WARN_INT_CONVERSION = YES;
				CLANG_WARN_NON_LITERAL_NULL_CONVERSION = YES;
				CLANG_WARN_OBJC_IMPLICIT_RETAIN_SELF = YES;
				CLANG_WARN_OBJC_LITERAL_CONVERSION = YES;
				CLANG_WARN_OBJC_ROOT_CLASS = YES_ERROR;
				CLANG_WARN_QUOTED_INCLUDE_IN_FRAMEWORK_HEADER = YES;
				CLANG_WARN_RANGE_LOOP_ANALYSIS = YES;
				CLANG_WARN_STRICT_PROTOTYPES = YES;
				CLANG_WARN_SUSPICIOUS_MOVE = YES;
				CLANG_WARN_UNGUARDED_AVAILABILITY = YES_AGGRESSIVE;
				CLANG_WARN_UNREACHABLE_CODE = YES;
				CLANG_WARN__DUPLICATE_METHOD_MATCH = YES;
				COPY_PHASE_STRIP = NO;
				DEBUG_INFORMATION_FORMAT = dwarf;
				ENABLE_STRICT_OBJC_MSGSEND = YES;
				ENABLE_TESTABILITY = YES;
				GCC_C_LANGUAGE_STANDARD = gnu11;
				GCC_DYNAMIC_NO_PIC = NO;
				GCC_NO_COMMON_BLOCKS = YES;
				GCC_OPTIMIZATION_LEVEL = 0;
				GCC_PREPROCESSOR_DEFINITIONS = (
					"DEBUG=1",
					"$(inherited)",
				);
				GCC_WARN_64_TO_32_BIT_CONVERSION = YES;
				GCC_WARN_ABOUT_RETURN_TYPE = YES_ERROR;
				GCC_WARN_UNDECLARED_SELECTOR = YES;
				GCC_WARN_UNINITIALIZED_AUTOS = YES_AGGRESSIVE;
				GCC_WARN_UNUSED_FUNCTION = YES;
				GCC_WARN_UNUSED_VARIABLE = YES;
				IPHONEOS_DEPLOYMENT_TARGET = 14.5;
				MTL_ENABLE_DEBUG_INFO = INCLUDE_SOURCE;
				MTL_FAST_MATH = YES;
				ONLY_ACTIVE_ARCH = YES;
				SDKROOT = iphoneos;
				SWIFT_ACTIVE_COMPILATION_CONDITIONS = DEBUG;
				SWIFT_OPTIMIZATION_LEVEL = "-Onone";
			};
			name = Debug;
		};
		2312916626883D5600CAB37B /* Release */ = {
			isa = XCBuildConfiguration;
			buildSettings = {
				ALWAYS_SEARCH_USER_PATHS = NO;
				CLANG_ANALYZER_NONNULL = YES;
				CLANG_ANALYZER_NUMBER_OBJECT_CONVERSION = YES_AGGRESSIVE;
				CLANG_CXX_LANGUAGE_STANDARD = "gnu++14";
				CLANG_CXX_LIBRARY = "libc++";
				CLANG_ENABLE_MODULES = YES;
				CLANG_ENABLE_OBJC_ARC = YES;
				CLANG_ENABLE_OBJC_WEAK = YES;
				CLANG_WARN_BLOCK_CAPTURE_AUTORELEASING = YES;
				CLANG_WARN_BOOL_CONVERSION = YES;
				CLANG_WARN_COMMA = YES;
				CLANG_WARN_CONSTANT_CONVERSION = YES;
				CLANG_WARN_DEPRECATED_OBJC_IMPLEMENTATIONS = YES;
				CLANG_WARN_DIRECT_OBJC_ISA_USAGE = YES_ERROR;
				CLANG_WARN_DOCUMENTATION_COMMENTS = YES;
				CLANG_WARN_EMPTY_BODY = YES;
				CLANG_WARN_ENUM_CONVERSION = YES;
				CLANG_WARN_INFINITE_RECURSION = YES;
				CLANG_WARN_INT_CONVERSION = YES;
				CLANG_WARN_NON_LITERAL_NULL_CONVERSION = YES;
				CLANG_WARN_OBJC_IMPLICIT_RETAIN_SELF = YES;
				CLANG_WARN_OBJC_LITERAL_CONVERSION = YES;
				CLANG_WARN_OBJC_ROOT_CLASS = YES_ERROR;
				CLANG_WARN_QUOTED_INCLUDE_IN_FRAMEWORK_HEADER = YES;
				CLANG_WARN_RANGE_LOOP_ANALYSIS = YES;
				CLANG_WARN_STRICT_PROTOTYPES = YES;
				CLANG_WARN_SUSPICIOUS_MOVE = YES;
				CLANG_WARN_UNGUARDED_AVAILABILITY = YES_AGGRESSIVE;
				CLANG_WARN_UNREACHABLE_CODE = YES;
				CLANG_WARN__DUPLICATE_METHOD_MATCH = YES;
				COPY_PHASE_STRIP = NO;
				DEBUG_INFORMATION_FORMAT = "dwarf-with-dsym";
				ENABLE_NS_ASSERTIONS = NO;
				ENABLE_STRICT_OBJC_MSGSEND = YES;
				GCC_C_LANGUAGE_STANDARD = gnu11;
				GCC_NO_COMMON_BLOCKS = YES;
				GCC_WARN_64_TO_32_BIT_CONVERSION = YES;
				GCC_WARN_ABOUT_RETURN_TYPE = YES_ERROR;
				GCC_WARN_UNDECLARED_SELECTOR = YES;
				GCC_WARN_UNINITIALIZED_AUTOS = YES_AGGRESSIVE;
				GCC_WARN_UNUSED_FUNCTION = YES;
				GCC_WARN_UNUSED_VARIABLE = YES;
				IPHONEOS_DEPLOYMENT_TARGET = 14.5;
				MTL_ENABLE_DEBUG_INFO = NO;
				MTL_FAST_MATH = YES;
				SDKROOT = iphoneos;
				SWIFT_COMPILATION_MODE = wholemodule;
				SWIFT_OPTIMIZATION_LEVEL = "-O";
				VALIDATE_PRODUCT = YES;
			};
			name = Release;
		};
		2312916826883D5600CAB37B /* Debug */ = {
			isa = XCBuildConfiguration;
			buildSettings = {
				ASSETCATALOG_COMPILER_APPICON_NAME = AppIcon;
				ASSETCATALOG_COMPILER_GLOBAL_ACCENT_COLOR_NAME = AccentColor;
				CODE_SIGN_STYLE = Automatic;
				DEVELOPMENT_TEAM = 456T4LX972;
				INFOPLIST_FILE = Kaia/Info.plist;
				LD_RUNPATH_SEARCH_PATHS = (
					"$(inherited)",
					"@executable_path/Frameworks",
				);
				PRODUCT_BUNDLE_IDENTIFIER = com.gungor.Kaia;
				PRODUCT_NAME = "$(TARGET_NAME)";
				SWIFT_VERSION = 5.0;
				TARGETED_DEVICE_FAMILY = "1,2";
			};
			name = Debug;
		};
		2312916926883D5600CAB37B /* Release */ = {
			isa = XCBuildConfiguration;
			buildSettings = {
				ASSETCATALOG_COMPILER_APPICON_NAME = AppIcon;
				ASSETCATALOG_COMPILER_GLOBAL_ACCENT_COLOR_NAME = AccentColor;
				CODE_SIGN_STYLE = Automatic;
				DEVELOPMENT_TEAM = 456T4LX972;
				INFOPLIST_FILE = Kaia/Info.plist;
				LD_RUNPATH_SEARCH_PATHS = (
					"$(inherited)",
					"@executable_path/Frameworks",
				);
				PRODUCT_BUNDLE_IDENTIFIER = com.gungor.Kaia;
				PRODUCT_NAME = "$(TARGET_NAME)";
				SWIFT_VERSION = 5.0;
				TARGETED_DEVICE_FAMILY = "1,2";
			};
			name = Release;
		};
		2312916B26883D5600CAB37B /* Debug */ = {
			isa = XCBuildConfiguration;
			buildSettings = {
				ALWAYS_EMBED_SWIFT_STANDARD_LIBRARIES = YES;
				BUNDLE_LOADER = "$(TEST_HOST)";
				CODE_SIGN_STYLE = Automatic;
				DEVELOPMENT_TEAM = 456T4LX972;
				INFOPLIST_FILE = KaiaTests/Info.plist;
				IPHONEOS_DEPLOYMENT_TARGET = 14.5;
				LD_RUNPATH_SEARCH_PATHS = (
					"$(inherited)",
					"@executable_path/Frameworks",
					"@loader_path/Frameworks",
				);
				PRODUCT_BUNDLE_IDENTIFIER = com.gungor.KaiaTests;
				PRODUCT_NAME = "$(TARGET_NAME)";
				SWIFT_VERSION = 5.0;
				TARGETED_DEVICE_FAMILY = "1,2";
				TEST_HOST = "$(BUILT_PRODUCTS_DIR)/Kaia.app/Kaia";
			};
			name = Debug;
		};
		2312916C26883D5600CAB37B /* Release */ = {
			isa = XCBuildConfiguration;
			buildSettings = {
				ALWAYS_EMBED_SWIFT_STANDARD_LIBRARIES = YES;
				BUNDLE_LOADER = "$(TEST_HOST)";
				CODE_SIGN_STYLE = Automatic;
				DEVELOPMENT_TEAM = 456T4LX972;
				INFOPLIST_FILE = KaiaTests/Info.plist;
				IPHONEOS_DEPLOYMENT_TARGET = 14.5;
				LD_RUNPATH_SEARCH_PATHS = (
					"$(inherited)",
					"@executable_path/Frameworks",
					"@loader_path/Frameworks",
				);
				PRODUCT_BUNDLE_IDENTIFIER = com.gungor.KaiaTests;
				PRODUCT_NAME = "$(TARGET_NAME)";
				SWIFT_VERSION = 5.0;
				TARGETED_DEVICE_FAMILY = "1,2";
				TEST_HOST = "$(BUILT_PRODUCTS_DIR)/Kaia.app/Kaia";
			};
			name = Release;
		};
		2312916E26883D5600CAB37B /* Debug */ = {
			isa = XCBuildConfiguration;
			buildSettings = {
				ALWAYS_EMBED_SWIFT_STANDARD_LIBRARIES = YES;
				CODE_SIGN_STYLE = Automatic;
				DEVELOPMENT_TEAM = 456T4LX972;
				INFOPLIST_FILE = KaiaUITests/Info.plist;
				LD_RUNPATH_SEARCH_PATHS = (
					"$(inherited)",
					"@executable_path/Frameworks",
					"@loader_path/Frameworks",
				);
				PRODUCT_BUNDLE_IDENTIFIER = com.gungor.KaiaUITests;
				PRODUCT_NAME = "$(TARGET_NAME)";
				SWIFT_VERSION = 5.0;
				TARGETED_DEVICE_FAMILY = "1,2";
				TEST_TARGET_NAME = Kaia;
			};
			name = Debug;
		};
		2312916F26883D5600CAB37B /* Release */ = {
			isa = XCBuildConfiguration;
			buildSettings = {
				ALWAYS_EMBED_SWIFT_STANDARD_LIBRARIES = YES;
				CODE_SIGN_STYLE = Automatic;
				DEVELOPMENT_TEAM = 456T4LX972;
				INFOPLIST_FILE = KaiaUITests/Info.plist;
				LD_RUNPATH_SEARCH_PATHS = (
					"$(inherited)",
					"@executable_path/Frameworks",
					"@loader_path/Frameworks",
				);
				PRODUCT_BUNDLE_IDENTIFIER = com.gungor.KaiaUITests;
				PRODUCT_NAME = "$(TARGET_NAME)";
				SWIFT_VERSION = 5.0;
				TARGETED_DEVICE_FAMILY = "1,2";
				TEST_TARGET_NAME = Kaia;
			};
			name = Release;
		};
/* End XCBuildConfiguration section */

/* Begin XCConfigurationList section */
		2312913826883D5200CAB37B /* Build configuration list for PBXProject "Kaia" */ = {
			isa = XCConfigurationList;
			buildConfigurations = (
				2312916526883D5600CAB37B /* Debug */,
				2312916626883D5600CAB37B /* Release */,
			);
			defaultConfigurationIsVisible = 0;
			defaultConfigurationName = Release;
		};
		2312916726883D5600CAB37B /* Build configuration list for PBXNativeTarget "Kaia" */ = {
			isa = XCConfigurationList;
			buildConfigurations = (
				2312916826883D5600CAB37B /* Debug */,
				2312916926883D5600CAB37B /* Release */,
			);
			defaultConfigurationIsVisible = 0;
			defaultConfigurationName = Release;
		};
		2312916A26883D5600CAB37B /* Build configuration list for PBXNativeTarget "KaiaTests" */ = {
			isa = XCConfigurationList;
			buildConfigurations = (
				2312916B26883D5600CAB37B /* Debug */,
				2312916C26883D5600CAB37B /* Release */,
			);
			defaultConfigurationIsVisible = 0;
			defaultConfigurationName = Release;
		};
		2312916D26883D5600CAB37B /* Build configuration list for PBXNativeTarget "KaiaUITests" */ = {
			isa = XCConfigurationList;
			buildConfigurations = (
				2312916E26883D5600CAB37B /* Debug */,
				2312916F26883D5600CAB37B /* Release */,
			);
			defaultConfigurationIsVisible = 0;
			defaultConfigurationName = Release;
		};
/* End XCConfigurationList section */
	};
	rootObject = 2312913526883D5200CAB37B /* Project object */;
}
